cel.dev/expr v0.25.1 h1:1KrZg61W6TWSxuNZ37Xy49ps13NUovb66QLprthtwi4=
cel.dev/expr v0.25.1/go.mod h1:hrXvqGP6G6gyx8UAHSHJ5RGk//1Oj5nXQ2NI02Nrsg4=
github.com/Masterminds/semver/v3 v3.4.0 h1:Zog+i5UMtVoCU8oKka5P7i9q9HgrJeGzI9SA1Xbatp0=
github.com/Masterminds/semver/v3 v3.4.0/go.mod h1:4V+yj/TJE1HU9XfppCwVMZq3I84lprf4nC11bSS5beM=
github.com/Microsoft/go-winio v0.6.2 h1:F2VQgta7ecxGYO8k3ZZz3RS8fVIXVxONVUPlNERoyfY=
github.com/Microsoft/go-winio v0.6.2/go.mod h1:yd8OoFMLzJbo9gZq8j5qaps8bJ9aShtEA8Ipt1oGCvU=
github.com/antlr4-go/antlr/v4 v4.13.1 h1:SqQKkuVZ+zWkMMNkjy5FZe5mr5WURWnlpmOuzYWrPrQ=
github.com/antlr4-go/antlr/v4 v4.13.1/go.mod h1:GKmUxMtwp6ZgGwZSva4eWPC5mS6vUAmOABFgjdkM7Nw=
github.com/apparentlymart/go-cidr v1.1.1 h1:oEEk8CE0HP0YpHxsegk/TaOtR2FLHdWv4p3eM4ceUwg=
github.com/apparentlymart/go-cidr v1.1.1/go.mod h1:EBcsNrHc3zQeuaeCeCtQruQm+n9/YjEn/vI25Lg7Gwc=
github.com/armon/go-proxyproto v0.0.0-20210323213023-7e956b284f0a/go.mod h1:QmP9hvJ91BbJmGVGSbutW19IC0Q9phDCLGaomwTJbgU=
github.com/aws/aws-sdk-go-v2 v1.42.0 h1:XvXMJTkFQtpBKIWZnmr9ZEOc2InWM2yldjXEJ/bymhA=
github.com/aws/aws-sdk-go-v2 v1.42.0/go.mod h1:27+ACypSLljLAEKsCYOmrjKh83vuTRkuAe9Uv/3A4bg=
github.com/aws/aws-sdk-go-v2/config v1.32.25 h1:ACCejvStYoilgwrfegSt5ZntCbPrk52qfwyNcnl3omM=
github.com/aws/aws-sdk-go-v2/config v1.32.25/go.mod h1:LJyU8sDRbXUxFn8xMJIGP+v9QYYwveNLI8a/giAOiAs=
github.com/aws/aws-sdk-go-v2/credentials v1.19.24 h1:2hQqYCV9yqyePQ9o6dCrZc/zO8U3TwPr9mIKlZnPu/I=
github.com/aws/aws-sdk-go-v2/credentials v1.19.24/go.mod h1:IDwpACtwqHLISdzfwUUNq4P9DsB/h5BLg4FwJPNfqFY=
github.com/aws/aws-sdk-go-v2/feature/ec2/imds v1.18.29 h1:r6qZHbT+wxgWO/e9vYNUEtg7lv5+UN3pRqKhLXvnArg=
github.com/aws/aws-sdk-go-v2/feature/ec2/imds v1.18.29/go.mod h1:QRnaRcTVGKPGRy8w78HMQtKUGRYcnMZAANATkeVA6Mo=
github.com/aws/aws-sdk-go-v2/internal/configsources v1.4.29 h1:f3vKqSo13fhTYb+JEcXwXefZQE26I1FB5eTSniU67ko=
github.com/aws/aws-sdk-go-v2/internal/configsources v1.4.29/go.mod h1:MzoLFUArKGpGD+ukmPiTPG1X5x4o6M2kq4v2dr1FiEc=
github.com/aws/aws-sdk-go-v2/internal/endpoints/v2 v2.7.29 h1:RdwIf/CuUsvJX3RgJagbOyotl/cxoLY4xviKuE7p2GY=
github.com/aws/aws-sdk-go-v2/internal/endpoints/v2 v2.7.29/go.mod h1:71wt8W2EgswdZy9Mf9KNnzxZ3TiZlv4caKghPktDOkA=
github.com/aws/aws-sdk-go-v2/internal/v4a v1.4.30 h1:VTGy885W5DKBxWRUJbym9hytNaYzsyaPkCHGRRMAOhU=
github.com/aws/aws-sdk-go-v2/internal/v4a v1.4.30/go.mod h1:AS0HycUvJRFvTt613AYDOgO2jzw+00cVSMny8XB3yMY=
github.com/aws/aws-sdk-go-v2/service/internal/accept-encoding v1.13.12 h1:ZD2+BSw9vFsNlKYIasSNt3uDbjqqXIBcM13UJv/Lx2k=
github.com/aws/aws-sdk-go-v2/service/internal/accept-encoding v1.13.12/go.mod h1:Ms4zlcVBbXbiP7EVLhl+lgjvA/a7YphqQ3Ih3174EmI=
github.com/aws/aws-sdk-go-v2/service/internal/presigned-url v1.13.29 h1:DRebniUGZ2MqiiIVmQJ04vIXr918hubdHMnarSLEWyU=
github.com/aws/aws-sdk-go-v2/service/internal/presigned-url v1.13.29/go.mod h1:LfRkPCD8YHDM2E5eTkos2UpwYeZnBcVarTa8L59bJHA=
github.com/aws/aws-sdk-go-v2/service/signin v1.2.0 h1:3nXpRcFwRCW8n7HgO2QGy0Dc20eQNfBuUemGQhpF8m8=
github.com/aws/aws-sdk-go-v2/service/signin v1.2.0/go.mod h1:LxYujSTLPRlp2vTtcUO/+1ilrew8ytt6SvQyOgejzFQ=
github.com/aws/aws-sdk-go-v2/service/sso v1.31.3 h1:ey1XLTYXb9PcLt4535632o5kCGXNXEhNb620Dqwuylo=
github.com/aws/aws-sdk-go-v2/service/sso v1.31.3/go.mod h1:Lk7PlmoTYryQmyBG0EXqj5BcUbj3whXdU2s3yGI3EAc=
github.com/aws/aws-sdk-go-v2/service/ssooidc v1.36.6 h1:yLr03zQE/5Eu5l3QU0Si+xMbLMbSDF2YXsigqXngs6g=
github.com/aws/aws-sdk-go-v2/service/ssooidc v1.36.6/go.mod h1:Q5N6icH+KJZDLh+ESNwzdv6cZ6vLFF/egy3IOxWhmz4=
github.com/aws/aws-sdk-go-v2/service/sts v1.43.3 h1:VrIhKRCSK1umelSgB9RghvA9RTUYeQffyAS5ApXehNI=
github.com/aws/aws-sdk-go-v2/service/sts v1.43.3/go.mod h1:r8wkDOuLaaMFqFiYAb8dGY2A3gJCOujMc6CFOVC4Zhc=
github.com/aws/smithy-go v1.27.1 h1:4T340VFndXtADGF52gYa1POyL7s9E4Z1OeZ1hCscIw8=
github.com/aws/smithy-go v1.27.1/go.mod h1:YE2RhdIuDbA5E5bTdciG9KrW3+TiEONeUWCqxX9i1Fc=
github.com/containers/gvisor-tap-vsock v0.0.0-20260519151820-e0561ea366a0 h1:PypXFP3h7n+rnYEmwW8MXgFZwmB29qT8pidsAmpBuyY=
github.com/containers/gvisor-tap-vsock v0.0.0-20260519151820-e0561ea366a0/go.mod h1:bVNTKcheN88muTCX4+iOCRaXS0za3fTmBaFKD6NRDjk=
github.com/davecgh/go-spew v1.1.2-0.20180830191138-d8f796af33cc h1:U9qPSI2PIWSS1VwoXQT9A3Wy9MM3WgvqSxFWenqJduM=
github.com/davecgh/go-spew v1.1.2-0.20180830191138-d8f796af33cc/go.mod h1:J7Y8YcW2NihsgmVo/mv3lAwl/skON4iLHjSsI+c5H38=
github.com/foxcpp/go-mockdns v1.2.0 h1:omK3OrHRD1IWJz1FuFBCFquhXslXoF17OvBS6JPzZF0=
github.com/foxcpp/go-mockdns v1.2.0/go.mod h1:IhLeSFGed3mJIAXPH2aiRQB+kqz7oqu8ld2qVbOu7Wk=
github.com/go-logr/logr v1.4.3 h1:CjnDlHq8ikf6E492q6eKboGOC0T8CDaOvkHCIg8idEI=
github.com/go-logr/logr v1.4.3/go.mod h1:9T104GzyrTigFIr8wt5mBrctHMim0Nb2HLGrmQ40KvY=
github.com/go-task/slim-sprig/v3 v3.0.0 h1:sUs3vkvUymDpBKi3qH1YSqBQk9+9D/8M2mN1vB6EwHI=
github.com/go-task/slim-sprig/v3 v3.0.0/go.mod h1:W848ghGpv3Qj3dhTPRyJypKRiqCdHZiAzKg9hl15HA8=
github.com/google/btree v1.1.2 h1:xf4v41cLI2Z6FxbKm+8Bu+m8ifhj15JuZ9sa0jZCMUU=
github.com/google/btree v1.1.2/go.mod h1:qOPhT0dTNdNzV6Z/lhRX0YXUafgPLFUh+gZMl761Gm4=
github.com/google/cel-go v0.29.1 h1:8Gx3S5HPop5XPOHtZI8vkaGk+DBW/nn9fkpNPbh5dBk=
github.com/google/cel-go v0.29.1/go.mod h1:X0bD6iVNR8pkROSOoHVdgTkzmRcosof7WQqCD6wcMc8=
github.com/google/go-cmp v0.7.0 h1:wk8382ETsv4JYUZwIsn6YpYiWiBsYLSJiTsyBybVuN8=
github.com/google/go-cmp v0.7.0/go.mod h1:pXiqmnSA92OHEEa9HXL2W4E7lf9JzCmGVUdgjX3N/iU=
github.com/google/gopacket v1.1.19 h1:ves8RnFZPGiFnTS0uPQStjwru6uO6h+nlr9j6fL7kF8=
github.com/google/gopacket v1.1.19/go.mod h1:iJ8V8n6KS+z2U1A8pUwu8bW5SyEMkXJB8Yo/Vo+TKTo=
github.com/google/pprof v0.0.0-20260115054156-294ebfa9ad83 h1:z2ogiKUYzX5Is6zr/vP9vJGqPwcdqsWjOt+V8J7+bTc=
github.com/google/pprof v0.0.0-20260115054156-294ebfa9ad83/go.mod h1:MxpfABSjhmINe3F1It9d+8exIHFvUqtLIRCdOGNXqiI=
github.com/google/uuid v1.6.0 h1:NIvaJDMOsjHA8n1jAhLSgzrAzy1Hgr+hNrb57e+94F0=
github.com/google/uuid v1.6.0/go.mod h1:TIyPZe4MgqvfeYDBFedMoGGpEw/LqOeaOT+nhxU+yHo=
github.com/inetaf/tcpproxy v0.0.0-20250222171855-c4b9df066048 h1:jaqViOFFlZtkAwqvwZN+id37fosQqR5l3Oki9Dk4hz8=
github.com/inetaf/tcpproxy v0.0.0-20250222171855-c4b9df066048/go.mod h1:Di7LXRyUcnvAcLicFhtM9/MlZl/TNgRSDHORM2c6CMI=
github.com/insomniacslk/dhcp v0.0.0-20240710054256-ddd8a41251c9 h1:LZJWucZz7ztCqY6Jsu7N9g124iJ2kt/O62j3+UchZFg=
github.com/insomniacslk/dhcp v0.0.0-20240710054256-ddd8a41251c9/go.mod h1:KclMyHxX06VrVr0DJmeFSUb1ankt7xTfoOA35pCkoic=
github.com/josharian/native v1.1.0 h1:uuaP0hAbW7Y4l0ZRQ6C9zfb7Mg1mbFKry/xzDAfmtLA=
github.com/josharian/native v1.1.0/go.mod h1:7X/raswPFr05uY3HiLlYeyQntB6OO7E/d2Cu7qoaN2w=
github.com/linuxkit/virtsock v0.0.0-20220523201153-1a23e78aa7a2 h1:DZMFueDbfz6PNc1GwDRA8+6lBx1TB9UnxDQliCqR73Y=
github.com/linuxkit/virtsock v0.0.0-20220523201153-1a23e78aa7a2/go.mod h1:SWzULI85WerrFt3u+nIm5F9l7EvxZTKQvd0InF3nmgM=
github.com/mdlayher/packet v1.1.2 h1:3Up1NG6LZrsgDVn6X4L9Ge/iyRyxFEFD9o6Pr3Q1nQY=
github.com/mdlayher/packet v1.1.2/go.mod h1:GEu1+n9sG5VtiRE4SydOmX5GTwyyYlteZiFU+x0kew4=
github.com/mdlayher/socket v0.4.1 h1:eM9y2/jlbs1M615oshPQOHZzj6R6wMT7bX5NPiQvn2U=
github.com/mdlayher/socket v0.4.1/go.mod h1:cAqeGjoufqdxWkD7DkpyS+wcefOtmu5OQ8KuoJGIReA=
github.com/mdlayher/vsock v1.2.1 h1:pC1mTJTvjo1r9n9fbm7S1j04rCgCzhCOS5DY0zqHlnQ=
github.com/mdlayher/vsock v1.2.1/go.mod h1:NRfCibel++DgeMD8z/hP+PPTjlNJsdPOmxcnENvE+SE=
github.com/miekg/dns v1.1.72 h1:vhmr+TF2A3tuoGNkLDFK9zi36F2LS+hKTRW0Uf8kbzI=
github.com/miekg/dns v1.1.72/go.mod h1:+EuEPhdHOsfk6Wk5TT2CzssZdqkmFhf8r+aVyDEToIs=
github.com/onsi/ginkgo/v2 v2.28.1 h1:S4hj+HbZp40fNKuLUQOYLDgZLwNUVn19N3Atb98NCyI=
github.com/onsi/ginkgo/v2 v2.28.1/go.mod h1:CLtbVInNckU3/+gC8LzkGUb9oF+e8W8TdUsxPwvdOgE=
github.com/onsi/gomega v1.41.0 h1:OwKp4pXNgVxf6sCplzYo794OFNuoL2q2SBMU5NSWOjA=
github.com/onsi/gomega v1.41.0/go.mod h1:M/Uqpu/8qTjtzCLUA2zJHX9Iilrau25x1PdoSRbWh5A=
github.com/pierrec/lz4/v4 v4.1.14 h1:+fL8AQEZtz/ijeNnpduH0bROTu0O3NZAlPjQxGn8LwE=
github.com/pierrec/lz4/v4 v4.1.14/go.mod h1:gZWDp/Ze/IJXGXf23ltt2EXimqmTUXEy0GFuRQyBid4=
github.com/pkg/errors v0.9.1 h1:FEBLx1zS214owpjy7qsBeixbURkuhQAwrK5UwLGTwt4=
github.com/pkg/errors v0.9.1/go.mod h1:bwawxfHBFNV+L2hUp1rHADufV3IMtnDRdf1r5NINEl0=
github.com/pmezard/go-difflib v1.0.1-0.20181226105442-5d4384ee4fb2 h1:Jamvg5psRIccs7FGNTlIRMkT8wgtp5eCXdBlqhYGL6U=
github.com/pmezard/go-difflib v1.0.1-0.20181226105442-5d4384ee4fb2/go.mod h1:iKH77koFhYxTK1pcRnkKkqfTogsbg7gZNVY4sRDYZ/4=
github.com/sirupsen/logrus v1.9.4 h1:TsZE7l11zFCLZnZ+teH4Umoq5BhEIfIzfRDZ1Uzql2w=
github.com/sirupsen/logrus v1.9.4/go.mod h1:ftWc9WdOfJ0a92nsE2jF5u5ZwH8Bv2zdeOC42RjbV2g=
github.com/stretchr/testify v1.11.1 h1:7s2iGBzp5EwR7/aIZr8ao5+dra3wiQyKjjFuvgVKu7U=
github.com/stretchr/testify v1.11.1/go.mod h1:wZwfW3scLgRK+23gO65QZefKpKQRnfz6sD981Nm4B6U=
github.com/u-root/uio v0.0.0-20240224005618-d2acac8f3701 h1:pyC9PaHYZFgEKFdlp3G8RaCKgVpHZnecvArXvPXcFkM=
github.com/u-root/uio v0.0.0-20240224005618-d2acac8f3701/go.mod h1:P3a5rG4X7tI17Nn3aOIAYr5HbIMukwXG0urG0WuL8OA=
go.yaml.in/yaml/v3 v3.0.4 h1:tfq32ie2Jv2UxXFdLJdh3jXuOzWiL1fo0bu/FbuKpbc=
go.yaml.in/yaml/v3 v3.0.4/go.mod h1:DhzuOOF2ATzADvBadXxruRBLzYTpT36CKvDb3+aBEFg=
golang.org/x/crypto v0.0.0-20190308221718-c2843e01d9a2/go.mod h1:djNgcEr1/C05ACkg1iLfiJU5Ep61QUkGW8qpdssI0+w=
golang.org/x/crypto v0.0.0-20191011191535-87dc89f01550/go.mod h1:yigFU9vqHzYiE8UmvKecakEJjdnWj3jj499lnFckfCI=
golang.org/x/crypto v0.51.0 h1:IBPXwPfKxY7cWQZ38ZCIRPI50YLeevDLlLnyC5wRGTI=
golang.org/x/crypto v0.51.0/go.mod h1:8AdwkbraGNABw2kOX6YFPs3WM22XqI4EXEd8g+x7Oc8=
golang.org/x/exp v0.0.0-20240823005443-9b4947da3948 h1:kx6Ds3MlpiUHKj7syVnbp57++8WpuKPcR5yjLBjvLEA=
golang.org/x/exp v0.0.0-20240823005443-9b4947da3948/go.mod h1:akd2r19cwCdwSwWeIdzYQGa/EZZyqcOdwWiwj5L5eKQ=
golang.org/x/lint v0.0.0-20200302205851-738671d3881b/go.mod h1:3xt1FjdF8hUf6vQPIChWIBhFzV8gjjsPE/fR3IyQdNY=
golang.org/x/mod v0.1.1-0.20191105210325-c90efee705ee/go.mod h1:QqPTAvyqsEbceGzBzNggFXnrqF1CaUcvgkdR5Ot7KZg=
golang.org/x/mod v0.36.0 h1:JJjpVx6myfUsUdAzZuOSTTmRE0PfZeNWzzvKrP7amb4=
golang.org/x/mod v0.36.0/go.mod h1:moc6ELqsWcOw5Ef3xVprK5ul/MvtVvkIXLziUOICjUQ=
golang.org/x/net v0.0.0-20190404232315-eb5bcb51f2a3/go.mod h1:t9HGtf8HONx5eT2rtn7q6eTqICYqUVnKs3thJo3Qplg=
golang.org/x/net v0.0.0-20190620200207-3b0461eec859/go.mod h1:z5CRVTTTmAJ677TzLLGU+0bjPO0LkuOLi4/5GtJWs/s=
golang.org/x/net v0.54.0 h1:2zJIZAxAHV/OHCDTCOHAYehQzLfSXuf/5SoL/Dv6w/w=
golang.org/x/net v0.54.0/go.mod h1:Sj4oj8jK6XmHpBZU/zWHw3BV3abl4Kvi+Ut7cQcY+cQ=
golang.org/x/sync v0.0.0-20190423024810-112230192c58/go.mod h1:RxMgew5VJxzue5/jJTE5uejpjVlOe/izrB70Jof72aM=
golang.org/x/sync v0.20.0 h1:e0PTpb7pjO8GAtTs2dQ6jYa5BWYlMuX047Dco/pItO4=
golang.org/x/sync v0.20.0/go.mod h1:9xrNwdLfx4jkKbNva9FpL6vEN7evnE43NNNJQ2LF3+0=
golang.org/x/sys v0.0.0-20190215142949-d0b11bdaac8a/go.mod h1:STP8DvDyc/dI5b8T5hshtkjS+E42TnysNCUPdjciGhY=
golang.org/x/sys v0.0.0-20190412213103-97732733099d/go.mod h1:h1NjWce9XRLGQEsW7wpKNCjG9DtNlClVuFLEZdDNbEs=
golang.org/x/sys v0.44.0 h1:ildZl3J4uzeKP07r2F++Op7E9B29JRUy+a27EibtBTQ=
golang.org/x/sys v0.44.0/go.mod h1:4GL1E5IUh+htKOUEOaiffhrAeqysfVGipDYzABqnCmw=
golang.org/x/term v0.43.0 h1:S4RLU2sB31O/NCl+zFN9Aru9A/Cq2aqKpTZJ6B+DwT4=
golang.org/x/term v0.43.0/go.mod h1:lrhlHNdQJHO+1qVYiHfFKVuVioJIheAc3fBSMFYEIsk=
golang.org/x/text v0.3.0/go.mod h1:NqM8EUOU14njkJ3fqMW+pc6Ldnwhi/IjpwHt7yyuwOQ=
golang.org/x/text v0.37.0 h1:Cqjiwd9eSg8e0QAkyCaQTNHFIIzWtidPahFWR83rTrc=
golang.org/x/text v0.37.0/go.mod h1:a5sjxXGs9hsn/AJVwuElvCAo9v8QYLzvavO5z2PiM38=
golang.org/x/time v0.12.0 h1:ScB/8o8olJvc+CQPWrK3fPZNfh7qgwCrY0zJmoEQLSE=
golang.org/x/time v0.12.0/go.mod h1:CDIdPxbZBQxdj6cxyCIdrNogrJKMJ7pr37NYpMcMDSg=
golang.org/x/tools v0.0.0-20200130002326-2f3ba24bd6e7/go.mod h1:TB2adYChydJhpapKDTa4BR/hXlZSLoq2Wpct/0txZ28=
golang.org/x/tools v0.44.0 h1:UP4ajHPIcuMjT1GqzDWRlalUEoY+uzoZKnhOjbIPD2c=
golang.org/x/tools v0.44.0/go.mod h1:KA0AfVErSdxRZIsOVipbv3rQhVXTnlU6UhKxHd1seDI=
golang.org/x/xerrors v0.0.0-20191011141410-1b5146add898/go.mod h1:I/5z698sn9Ka8TeJc9MKroUUfqBBauWjQqLJ2OPfmY0=
google.golang.org/genproto/googleapis/api v0.0.0-20240826202546-f6391c0de4c7 h1:YcyjlL1PRr2Q17/I0dPk2JmYS5CDXfcdb2Z3YRioEbw=
google.golang.org/genproto/googleapis/api v0.0.0-20240826202546-f6391c0de4c7/go.mod h1:OCdP9MfskevB/rbYvHTsXTtKC+3bHWajPdoKgjcYkfo=
google.golang.org/genproto/googleapis/rpc v0.0.0-20250818200422-3122310a409c h1:qXWI/sQtv5UKboZ/zUk7h+mrf/lXORyI+n9DKDAusdg=
google.golang.org/genproto/googleapis/rpc v0.0.0-20250818200422-3122310a409c/go.mod h1:gw1tLEfykwDz2ET4a12jcXt4couGAm7IwsVaTy0Sflo=
google.golang.org/protobuf v1.36.10 h1:AYd7cD/uASjIL6Q9LiTjz8JLcrh/88q5UObnmY3aOOE=
google.golang.org/protobuf v1.36.10/go.mod h1:HTf+CrKn2C3g5S8VImy6tdcUvCska2kB7j23XfzDpco=
gopkg.in/check.v1 v0.0.0-20161208181325-20d25e280405 h1:yhCVgyC4o1eVCa2tZl7eS0r+SDo693bJlVdllGtEeKM=
gopkg.in/check.v1 v0.0.0-20161208181325-20d25e280405/go.mod h1:Co6ibVJAznAaIkqp8huTwlJQCZ016jof/cbN4VW5Yz0=
gopkg.in/yaml.v3 v3.0.1 h1:fxVm/GzAzEWqLHuvctI91KS9hhNmmWOoWu0XTYJS7CA=
gopkg.in/yaml.v3 v3.0.1/go.mod h1:K4uyk7z7BCEPqu6E+C64Yfv1cQ7kz7rIZviUmN+EgEM=
gvisor.dev/gvisor v0.0.0-20260413194555-9680d69bf798 h1:7h21uRYtzPJjXp9W/BZLx68z8TwW8+h5BPdI4P5ZkJ0=
gvisor.dev/gvisor v0.0.0-20260413194555-9680d69bf798/go.mod h1:xQ2PWgHmWJA/Ph4i1q1jBm39BKhc3W0DXqWoDSyuBOY=
